# THIS IS AN AUTOGENERATED FILE. DO NOT EDIT THIS FILE DIRECTLY.
# yarn lockfile v1


coffeescript@^2.2.3:
  version "2.3.1"
  resolved "https://registry.yarnpkg.com/coffeescript/-/coffeescript-2.3.1.tgz#a25f69c251d25805c9842e57fc94bfc453ef6aed"

is-wsl@^1.1.0:
  version "1.1.0"
  resolved "https://registry.yarnpkg.com/is-wsl/-/is-wsl-1.1.0.tgz#1f16e4aa22b04d1336b66188a66af3c600c3a66d"

lodash@^4.17.11:
  version "4.17.11"
  resolved "https://registry.yarnpkg.com/lodash/-/lodash-4.17.11.tgz#b39ea6229ef607ecd89e2c8df12536891cac9b8d"

objelity@^1.0.0:
  version "1.0.0"
  resolved "https://registry.yarnpkg.com/objelity/-/objelity-1.0.0.tgz#a0071611270d749867fa429069b07ac9907508ee"
  dependencies:
    lodash "^4.17.11"

opn@^5.4.0:
  version "5.4.0"
  resolved "https://registry.yarnpkg.com/opn/-/opn-5.4.0.tgz#cb545e7aab78562beb11aa3bfabc7042e1761035"
  dependencies:
    is-wsl "^1.1.0"

safe-json-stringify@^1.2.0:
  version "1.2.0"
  resolved "https://registry.yarnpkg.com/safe-json-stringify/-/safe-json-stringify-1.2.0.tgz#356e44bc98f1f93ce45df14bcd7c01cda86e0afd"
